NeoBundleLock CSApprox a2958096696f9132ef0ece44b3fab93dac6df8d0
NeoBundleLock HTML-AutoCloseTag c2f6f59cf5c08dd487ef361f93ba09317a840e25
NeoBundleLock auto-pairs 1b3a1efb078fdf74d4013308b63de57dfda0cc8e
NeoBundleLock ctrlp-py-matcher fb831ff903d5622b39f400fc8ba80f9bbd225307
NeoBundleLock ctrlp.vim b9fa920b4abbb54799927a3bc57869fdd556321a
NeoBundleLock emmet-vim 92710ebcd2df580fdc1213f8beb4b493d2a4dbc0
NeoBundleLock grep.vim 852ddb0c6590bbc41c508d7f5d2fc17112492def
NeoBundleLock indentLine d8bccea2db07bd99475bd046386635ab78a742c8
NeoBundleLock molokai c67bdfcdb31415aa0ade7f8c003261700a885476
NeoBundleLock neobundle.vim 30c40ccbfc6371fb922eece6e0657eb5da9e479b
NeoBundleLock nerdtree 2e2b649232d6ae4d02d74793e5da0ee08480ad8d
NeoBundleLock perlomni.vim 9a87ff71564a0eb23ce0c496b930366c71de7b51
NeoBundleLock syntastic 663fea9dc9371d574f1a4a6ba15cc9e60ebbe510
NeoBundleLock tagbar 7b36c46d17d57db34fdb0adac9ba6382d0bb5e66
NeoBundleLock ultisnips e8c485eb3c7e2c4c3ddc62beb79011f026a3ca04
NeoBundleLock vim-airline 4d0c4f6b1e3fee30873b0c9734fbe83f4d74b81c
NeoBundleLock vim-airline-themes 8b58708ec4318cee43a878ea74f7dedb61c8f07a
NeoBundleLock vim-bootstrap-updater dacd0c9a65ec5e5e9b918fb887af615c63d2001d
NeoBundleLock vim-coloresque 0c21b1469993e610600e88e734ffe90b9c10a514
NeoBundleLock vim-commentary 73e0d9a9d1f51b6cc9dc965f62669194ae851cb1
NeoBundleLock vim-css3-syntax 5c81b99e3e73908d042c76e48f4de1c5ed12bb30
NeoBundleLock vim-fugitive c00ebd75ac23f4080c0d0bf9453b16304a3fb316
NeoBundleLock vim-gitgutter 26c6b549f287b8ae348eda083e7c77f79f4de28b
NeoBundleLock vim-haml 1f2e47c78c2faf90ff419c2f4e1241094844678c
NeoBundleLock vim-javascript-syntax 9e019fccd738ba73713268a327ac3765646a4edd
NeoBundleLock vim-misc 3e6b8fb6f03f13434543ce1f5d24f6a5d3f34f0b
NeoBundleLock vim-nerdtree-tabs 0decec122e9bb3e9328b01fa20a9650e79cc6ca7
NeoBundleLock vim-perl eadbd41674f32f2315f5a6b6435151d2134c81d7
NeoBundleLock vim-polyglot 11f34624aa32ac72dc65e46ea9badb4b16a0edd1
NeoBundleLock vim-session 9e9a6088f0554f6940c19889d0b2a8f39d13f2bb
NeoBundleLock vim-snippets e14e2700751ef91a2d20d55b0527ebdd07f4e112
NeoBundleLock vim-trailing-whitespace 733fb64337b6da4a51c85a43450cd620d8b617b5
NeoBundleLock vimproc.vim b2255c66a3dc04fba1adbda3e380facff45fe6ec
NeoBundleLock vimshell.vim c71ffb48b9ea2c718facd2eaad431f59503e58aa
